
Microsoft Visual Studio Solution File, Format Version 12.00
# Visual Studio Version 17
VisualStudioVersion = 17.4.33403.182
MinimumVisualStudioVersion = 10.0.40219.1
Project("{8BC9CEB8-8B4A-11D0-8D11-00A0C91BC942}") = "Sandbox", "Sandbox\Sandbox.vcxproj", "{93B9FEE3-3553-4597-AB22-36B0DF1DDAC1}"
EndProject
Project("{8BC9CEB8-8B4A-11D0-8D11-00A0C91BC942}") = "pigskin", "pigskin\pigskin.vcxproj", "{9205FB7F-BB15-4693-8DB3-85225AA6B04C}"
EndProject
Global
	GlobalSection(SolutionConfigurationPlatforms) = preSolution
		Debug|x64 = Debug|x64
		Release|x64 = Release|x64
	EndGlobalSection
	GlobalSection(ProjectConfigurationPlatforms) = postSolution
		{9205FB7F-BB15-4693-8DB3-85225AA6B04C}.Debug|x64.ActiveCfg = Debug|x64
		{9205FB7F-BB15-4693-8DB3-85225AA6B04C}.Debug|x64.Build.0 = Debug|x64
		{9205FB7F-BB15-4693-8DB3-85225AA6B04C}.Release|x64.ActiveCfg = Release|x64
		{9205FB7F-BB15-4693-8DB3-85225AA6B04C}.Release|x64.Build.0 = Release|x64
		{93B9FEE3-3553-4597-AB22-36B0DF1DDAC1}.Debug|x64.ActiveCfg = Debug|x64
		{93B9FEE3-3553-4597-AB22-36B0DF1DDAC1}.Debug|x64.Build.0 = Debug|x64
		{93B9FEE3-3553-4597-AB22-36B0DF1DDAC1}.Release|x64.ActiveCfg = Release|x64
		{93B9FEE3-3553-4597-AB22-36B0DF1DDAC1}.Release|x64.Build.0 = Release|x64
	EndGlobalSection
	GlobalSection(SolutionProperties) = preSolution
		HideSolutionNode = FALSE
	EndGlobalSection
	GlobalSection(ExtensibilityGlobals) = postSolution
		SolutionGuid = {BFE62B25-0196-42AE-BECA-4AFCF370175F}
	EndGlobalSection
EndGlobal
