<?xml version="1.0" encoding="utf-8"?>
<Project ToolsVersion="4.0" xmlns="http://schemas.microsoft.com/developer/msbuild/2003">
  <ItemGroup>
    <Filter Include="pigskin">
      <UniqueIdentifier>{7A9CB0AD-E67B-2F49-EF93-BA1F5BF295AA}</UniqueIdentifier>
    </Filter>
  </ItemGroup>
  <ItemGroup>
    <ClInclude Include="src\PigSkin.h" />
    <ClInclude Include="src\pigskin\Application.h">
      <Filter>pigskin</Filter>
    </ClInclude>
    <ClInclude Include="src\pigskin\Core.h">
      <Filter>pigskin</Filter>
    </ClInclude>
    <ClInclude Include="src\pigskin\EntryPoint.h">
      <Filter>pigskin</Filter>
    </ClInclude>
    <ClInclude Include="src\pigskin\Log.h">
      <Filter>pigskin</Filter>
    </ClInclude>
  </ItemGroup>
  <ItemGroup>
    <ClCompile Include="src\pigskin\Application.cpp">
      <Filter>pigskin</Filter>
    </ClCompile>
    <ClCompile Include="src\pigskin\Log.cpp">
      <Filter>pigskin</Filter>
    </ClCompile>
  </ItemGroup>
</Project>